
Microsoft Visual Studio Solution File, Format Version 12.00
# Visual Studio 15
VisualStudioVersion = 15.0.28307.779
MinimumVisualStudioVersion = 10.0.40219.1
Project("{2150E333-8FDC-42A3-9474-1A3956D46DE8}") = "0 - Presentation", "0 - Presentation", "{6C24406F-E8EB-4E09-B25B-E1A89FD31A13}"
EndProject
Project("{2150E333-8FDC-42A3-9474-1A3956D46DE8}") = "1 - Services", "1 - Services", "{9E2FC03B-E2DF-4714-A897-D2A082DFE284}"
EndProject
Project("{2150E333-8FDC-42A3-9474-1A3956D46DE8}") = "2 - Application", "2 - Application", "{1F55DB37-02DE-4C1D-8761-9FDCE37D9740}"
EndProject
Project("{2150E333-8FDC-42A3-9474-1A3956D46DE8}") = "3 - Domain", "3 - Domain", "{E5E63CDE-74C0-46AC-90EE-5273F4AB7D72}"
EndProject
Project("{2150E333-8FDC-42A3-9474-1A3956D46DE8}") = "4 - Infra", "4 - Infra", "{D47BA549-AAE6-42D9-836D-2EC8C43E2F69}"
EndProject
Project("{2150E333-8FDC-42A3-9474-1A3956D46DE8}") = "4.1 - Data", "4.1 - Data", "{2DB2B0C7-59C1-4ECC-9DC9-183810D6AF8F}"
EndProject
Project("{2150E333-8FDC-42A3-9474-1A3956D46DE8}") = "4.1 - CrossCutting", "4.1 - CrossCutting", "{5E2D18A6-AF04-4257-B1FC-F77E5B42682B}"
EndProject
Project("{FAE04EC0-301F-11D3-BF4B-00C04F79EFBC}") = "Site", "Site\Site.csproj", "{1E3EDCCF-94EE-4CA6-8CB0-3DD06F5D8B4F}"
EndProject
Project("{FAE04EC0-301F-11D3-BF4B-00C04F79EFBC}") = "MessageTest.Domain", "MessageTest.Domain\MessageTest.Domain.csproj", "{BDDD8B83-D390-4269-ADA0-EDF8AF6DA8DF}"
EndProject
Project("{FAE04EC0-301F-11D3-BF4B-00C04F79EFBC}") = "MessageTest.Infra.Data", "MessageTest.Infra.Data\MessageTest.Infra.Data.csproj", "{0E92FD39-6FF6-4A55-A9B0-46E8B16DACD4}"
EndProject
Project("{FAE04EC0-301F-11D3-BF4B-00C04F79EFBC}") = "MessageTest.Application", "MessageTest.Application\MessageTest.Application.csproj", "{EB5D0BF5-0775-42F6-8F6E-EFA6A4C40333}"
EndProject
Global
	GlobalSection(SolutionConfigurationPlatforms) = preSolution
		Debug|Any CPU = Debug|Any CPU
		Release|Any CPU = Release|Any CPU
	EndGlobalSection
	GlobalSection(ProjectConfigurationPlatforms) = postSolution
		{1E3EDCCF-94EE-4CA6-8CB0-3DD06F5D8B4F}.Debug|Any CPU.ActiveCfg = Debug|Any CPU
		{1E3EDCCF-94EE-4CA6-8CB0-3DD06F5D8B4F}.Debug|Any CPU.Build.0 = Debug|Any CPU
		{1E3EDCCF-94EE-4CA6-8CB0-3DD06F5D8B4F}.Release|Any CPU.ActiveCfg = Release|Any CPU
		{1E3EDCCF-94EE-4CA6-8CB0-3DD06F5D8B4F}.Release|Any CPU.Build.0 = Release|Any CPU
		{BDDD8B83-D390-4269-ADA0-EDF8AF6DA8DF}.Debug|Any CPU.ActiveCfg = Debug|Any CPU
		{BDDD8B83-D390-4269-ADA0-EDF8AF6DA8DF}.Debug|Any CPU.Build.0 = Debug|Any CPU
		{BDDD8B83-D390-4269-ADA0-EDF8AF6DA8DF}.Release|Any CPU.ActiveCfg = Release|Any CPU
		{BDDD8B83-D390-4269-ADA0-EDF8AF6DA8DF}.Release|Any CPU.Build.0 = Release|Any CPU
		{0E92FD39-6FF6-4A55-A9B0-46E8B16DACD4}.Debug|Any CPU.ActiveCfg = Debug|Any CPU
		{0E92FD39-6FF6-4A55-A9B0-46E8B16DACD4}.Debug|Any CPU.Build.0 = Debug|Any CPU
		{0E92FD39-6FF6-4A55-A9B0-46E8B16DACD4}.Release|Any CPU.ActiveCfg = Release|Any CPU
		{0E92FD39-6FF6-4A55-A9B0-46E8B16DACD4}.Release|Any CPU.Build.0 = Release|Any CPU
		{EB5D0BF5-0775-42F6-8F6E-EFA6A4C40333}.Debug|Any CPU.ActiveCfg = Debug|Any CPU
		{EB5D0BF5-0775-42F6-8F6E-EFA6A4C40333}.Debug|Any CPU.Build.0 = Debug|Any CPU
		{EB5D0BF5-0775-42F6-8F6E-EFA6A4C40333}.Release|Any CPU.ActiveCfg = Release|Any CPU
		{EB5D0BF5-0775-42F6-8F6E-EFA6A4C40333}.Release|Any CPU.Build.0 = Release|Any CPU
	EndGlobalSection
	GlobalSection(SolutionProperties) = preSolution
		HideSolutionNode = FALSE
	EndGlobalSection
	GlobalSection(NestedProjects) = preSolution
		{2DB2B0C7-59C1-4ECC-9DC9-183810D6AF8F} = {D47BA549-AAE6-42D9-836D-2EC8C43E2F69}
		{5E2D18A6-AF04-4257-B1FC-F77E5B42682B} = {D47BA549-AAE6-42D9-836D-2EC8C43E2F69}
		{1E3EDCCF-94EE-4CA6-8CB0-3DD06F5D8B4F} = {6C24406F-E8EB-4E09-B25B-E1A89FD31A13}
		{BDDD8B83-D390-4269-ADA0-EDF8AF6DA8DF} = {E5E63CDE-74C0-46AC-90EE-5273F4AB7D72}
		{0E92FD39-6FF6-4A55-A9B0-46E8B16DACD4} = {2DB2B0C7-59C1-4ECC-9DC9-183810D6AF8F}
		{EB5D0BF5-0775-42F6-8F6E-EFA6A4C40333} = {1F55DB37-02DE-4C1D-8761-9FDCE37D9740}
	EndGlobalSection
	GlobalSection(ExtensibilityGlobals) = postSolution
		SolutionGuid = {266D6FAA-26B8-44DA-82E7-7BD85863FA01}
	EndGlobalSection
EndGlobal
